
Microsoft Visual Studio Solution File, Format Version 12.00
# Visual Studio Version 16
VisualStudioVersion = 16.0.31424.327
MinimumVisualStudioVersion = 10.0.40219.1
Project("{FAE04EC0-301F-11D3-BF4B-00C04F79EFBC}") = "Auth", "Auth\Auth.csproj", "{217A7A52-0504-4B14-858E-343FA130A448}"
EndProject
Global
	GlobalSection(SolutionConfigurationPlatforms) = preSolution
		Debug|Any CPU = Debug|Any CPU
		Release|Any CPU = Release|Any CPU
	EndGlobalSection
	GlobalSection(ProjectConfigurationPlatforms) = postSolution
		{217A7A52-0504-4B14-858E-343FA130A448}.Debug|Any CPU.ActiveCfg = Debug|Any CPU
		{217A7A52-0504-4B14-858E-343FA130A448}.Debug|Any CPU.Build.0 = Debug|Any CPU
		{217A7A52-0504-4B14-858E-343FA130A448}.Release|Any CPU.ActiveCfg = Release|Any CPU
		{217A7A52-0504-4B14-858E-343FA130A448}.Release|Any CPU.Build.0 = Release|Any CPU
	EndGlobalSection
	GlobalSection(SolutionProperties) = preSolution
		HideSolutionNode = FALSE
	EndGlobalSection
	GlobalSection(ExtensibilityGlobals) = postSolution
		SolutionGuid = {B6297724-0154-48E0-8FA5-42B6EA34C86E}
	EndGlobalSection
EndGlobal
